{
  "nodes": {
    "flake-utils": {
      "inputs": {
        "systems": "systems"
      },
      "locked": {
        "lastModified": 1710146030,
        "narHash": "sha256-SZ5L6eA7HJ/nmkzGG7/ISclqe6oZdOZTNoesiInkXPQ=",
        "owner": "numtide",
        "repo": "flake-utils",
        "rev": "b1d9ab70662946ef0850d488da1c9019f3a9752a",
        "type": "github"
      },
      "original": {
        "owner": "numtide",
        "repo": "flake-utils",
        "type": "github"
      }
    },
    "nixpkgs": {
      "locked": {
        "lastModified": 1716542732,
        "narHash": "sha256-0Y9fRr0CUqWT4KgBITmaGwlnNIGMYuydu2L8iLTfHU4=",
        "owner": "NixOS",
        "repo": "nixpkgs",
        "rev": "d12251ef6e8e6a46e05689eeccd595bdbd3c9e60",
        "type": "github"
      },
      "original": {
        "owner": "NixOS",
        "ref": "nixos-24.05",
        "repo": "nixpkgs",
        "type": "github"
      }
    },
    "root": {
      "inputs": {
        "flake-utils": "flake-utils",
        "nixpkgs": "nixpkgs",
        "tinycmmc": "tinycmmc"
      }
    },
    "systems": {
      "locked": {
        "lastModified": 1681028828,
        "narHash": "sha256-Vy1rq5AaRuLzOxct8nz4T6wlgyUR7zLU309k9mBC768=",
        "owner": "nix-systems",
        "repo": "default",
        "rev": "da67096a3b9bf56a91d16901293e51ba5b49a27e",
        "type": "github"
      },
      "original": {
        "owner": "nix-systems",
        "repo": "default",
        "type": "github"
      }
    },
    "tinycmmc": {
      "inputs": {
        "flake-utils": [
          "flake-utils"
        ],
        "nixpkgs": [
          "nixpkgs"
        ]
      },
      "locked": {
        "lastModified": 1701699760,
        "narHash": "sha256-L0vwqcTQFOiFfRY90nBgDuUsVOYS0+S8BfVxFvaFBNM=",
        "owner": "grumbel",
        "repo": "tinycmmc",
        "rev": "9a51e13802d930feb7261ba8876940659b258cb7",
        "type": "github"
      },
      "original": {
        "owner": "grumbel",
        "repo": "tinycmmc",
        "type": "github"
      }
    }
  },
  "root": "root",
  "version": 7
}
